
Microsoft Visual Studio Solution File, Format Version 12.00
# Visual Studio Version 17
VisualStudioVersion = 17.0.31912.275
MinimumVisualStudioVersion = 10.0.40219.1
Project("{FAE04EC0-301F-11D3-BF4B-00C04F79EFBC}") = "10_Task_WPF", "10_Task_WPF\10_Task_WPF.csproj", "{3E75BBA5-3F96-462D-B8B7-F28DD65CBECF}"
EndProject
Global
	GlobalSection(SolutionConfigurationPlatforms) = preSolution
		Debug|Any CPU = Debug|Any CPU
		Release|Any CPU = Release|Any CPU
	EndGlobalSection
	GlobalSection(ProjectConfigurationPlatforms) = postSolution
		{3E75BBA5-3F96-462D-B8B7-F28DD65CBECF}.Debug|Any CPU.ActiveCfg = Debug|Any CPU
		{3E75BBA5-3F96-462D-B8B7-F28DD65CBECF}.Debug|Any CPU.Build.0 = Debug|Any CPU
		{3E75BBA5-3F96-462D-B8B7-F28DD65CBECF}.Release|Any CPU.ActiveCfg = Release|Any CPU
		{3E75BBA5-3F96-462D-B8B7-F28DD65CBECF}.Release|Any CPU.Build.0 = Release|Any CPU
	EndGlobalSection
	GlobalSection(SolutionProperties) = preSolution
		HideSolutionNode = FALSE
	EndGlobalSection
	GlobalSection(ExtensibilityGlobals) = postSolution
		SolutionGuid = {845C3E93-FC70-447F-8260-C4B529CBA2CB}
	EndGlobalSection
EndGlobal
